
Microsoft Visual Studio Solution File, Format Version 12.00
# Visual Studio Version 16
VisualStudioVersion = 16.0.30128.74
MinimumVisualStudioVersion = 10.0.40219.1
Project("{FAE04EC0-301F-11D3-BF4B-00C04F79EFBC}") = "RafsWeb", "RafsWeb\RafsWeb.csproj", "{829A8CB0-25D9-4094-8F68-95D2F97B6FD0}"
EndProject
Global
	GlobalSection(SolutionConfigurationPlatforms) = preSolution
		Debug|Any CPU = Debug|Any CPU
		Release|Any CPU = Release|Any CPU
	EndGlobalSection
	GlobalSection(ProjectConfigurationPlatforms) = postSolution
		{829A8CB0-25D9-4094-8F68-95D2F97B6FD0}.Debug|Any CPU.ActiveCfg = Debug|Any CPU
		{829A8CB0-25D9-4094-8F68-95D2F97B6FD0}.Debug|Any CPU.Build.0 = Debug|Any CPU
		{829A8CB0-25D9-4094-8F68-95D2F97B6FD0}.Release|Any CPU.ActiveCfg = Release|Any CPU
		{829A8CB0-25D9-4094-8F68-95D2F97B6FD0}.Release|Any CPU.Build.0 = Release|Any CPU
	EndGlobalSection
	GlobalSection(SolutionProperties) = preSolution
		HideSolutionNode = FALSE
	EndGlobalSection
	GlobalSection(ExtensibilityGlobals) = postSolution
		SolutionGuid = {75472885-BD37-455E-8B56-8B550744CDA6}
	EndGlobalSection
EndGlobal
